// !$*UTF8*$!
{
	archiveVersion = 1;
	classes = {
	};
	objectVersion = 50;
	objects = {

/* Begin PBXBuildFile section */
		AC21DF732159FFD900CD5DAC /* Products.plist in Resources */ = {isa = PBXBuildFile; fileRef = AC21DF722159FFD900CD5DAC /* Products.plist */; };
		AC21DF78215AA0EB00CD5DAC /* ProductViewController.m in Sources */ = {isa = PBXBuildFile; fileRef = AC21DF77215AA0EB00CD5DAC /* ProductViewController.m */; };
		AC21DF7B215C550700CD5DAC /* BranchExtensionRuleListener.m in Sources */ = {isa = PBXBuildFile; fileRef = AC21DF7A215C550700CD5DAC /* BranchExtensionRuleListener.m */; };
		AC379AE32133956F004E61D1 /* BranchExtensionListener.m in Sources */ = {isa = PBXBuildFile; fileRef = AC379AE22133956F004E61D1 /* BranchExtensionListener.m */; };
		AC4E0C752123A21F00C51ADD /* BranchExtension.m in Sources */ = {isa = PBXBuildFile; fileRef = AC4E0C742123A21E00C51ADD /* BranchExtension.m */; };
		ACAE8109212263F30049505B /* AppDelegate.m in Sources */ = {isa = PBXBuildFile; fileRef = ACAE8108212263F30049505B /* AppDelegate.m */; };
		ACAE810C212263F40049505B /* ViewController.m in Sources */ = {isa = PBXBuildFile; fileRef = ACAE810B212263F40049505B /* ViewController.m */; };
		ACAE810F212263F40049505B /* Main.storyboard in Resources */ = {isa = PBXBuildFile; fileRef = ACAE810D212263F40049505B /* Main.storyboard */; };
		ACAE8111212263F40049505B /* Assets.xcassets in Resources */ = {isa = PBXBuildFile; fileRef = ACAE8110212263F40049505B /* Assets.xcassets */; };
		ACAE8117212263F40049505B /* main.m in Sources */ = {isa = PBXBuildFile; fileRef = ACAE8116212263F40049505B /* main.m */; };
		ACAE812B2122643A0049505B /* libsqlite3.tbd in Frameworks */ = {isa = PBXBuildFile; fileRef = ACAE812A2122643A0049505B /* libsqlite3.tbd */; };
		ACAE812D212264480049505B /* libstdc++.tbd in Frameworks */ = {isa = PBXBuildFile; fileRef = ACAE812C212264480049505B /* libstdc++.tbd */; };
		ACAE812F2122644F0049505B /* libz.tbd in Frameworks */ = {isa = PBXBuildFile; fileRef = ACAE812E2122644E0049505B /* libz.tbd */; };
		ACAE8131212264550049505B /* WebKit.framework in Frameworks */ = {isa = PBXBuildFile; fileRef = ACAE8130212264550049505B /* WebKit.framework */; };
		ACAE81332122645B0049505B /* UserNotifications.framework in Frameworks */ = {isa = PBXBuildFile; fileRef = ACAE81322122645B0049505B /* UserNotifications.framework */; };
		ACAE8135212264610049505B /* SystemConfiguration.framework in Frameworks */ = {isa = PBXBuildFile; fileRef = ACAE8134212264610049505B /* SystemConfiguration.framework */; };
		ACF671CF21530D1A00CDC900 /* BranchConfig.m in Sources */ = {isa = PBXBuildFile; fileRef = ACF671CE21530D1A00CDC900 /* BranchConfig.m */; };
		ACF671DA21534E4F00CDC900 /* AdobeMarketingMobileCore.framework in Frameworks */ = {isa = PBXBuildFile; fileRef = ACF671D521534E4F00CDC900 /* AdobeMarketingMobileCore.framework */; };
		ACF671DB21534E4F00CDC900 /* ACPIdentity_iOS.framework in Frameworks */ = {isa = PBXBuildFile; fileRef = ACF671D621534E4F00CDC900 /* ACPIdentity_iOS.framework */; };
		ACF671DC21534E4F00CDC900 /* ACPCore_iOS.framework in Frameworks */ = {isa = PBXBuildFile; fileRef = ACF671D721534E4F00CDC900 /* ACPCore_iOS.framework */; };
		ACF671DD21534E4F00CDC900 /* ACPSignal_iOS.framework in Frameworks */ = {isa = PBXBuildFile; fileRef = ACF671D821534E4F00CDC900 /* ACPSignal_iOS.framework */; };
		ACF671DE21534E4F00CDC900 /* ACPLifecycle_iOS.framework in Frameworks */ = {isa = PBXBuildFile; fileRef = ACF671D921534E4F00CDC900 /* ACPLifecycle_iOS.framework */; };
		BB81FE7B281C59C20FF98625 /* libPods-adobe-branch-example.a in Frameworks */ = {isa = PBXBuildFile; fileRef = 2E21CAD8A1C925AAF24986BC /* libPods-adobe-branch-example.a */; };
/* End PBXBuildFile section */

/* Begin PBXFileReference section */
		2E21CAD8A1C925AAF24986BC /* libPods-adobe-branch-example.a */ = {isa = PBXFileReference; explicitFileType = archive.ar; includeInIndex = 0; path = "libPods-adobe-branch-example.a"; sourceTree = BUILT_PRODUCTS_DIR; };
		AC21DF722159FFD900CD5DAC /* Products.plist */ = {isa = PBXFileReference; lastKnownFileType = text.plist; path = Products.plist; sourceTree = "<group>"; };
		AC21DF76215AA0EB00CD5DAC /* ProductViewController.h */ = {isa = PBXFileReference; lastKnownFileType = sourcecode.c.h; path = ProductViewController.h; sourceTree = "<group>"; };
		AC21DF77215AA0EB00CD5DAC /* ProductViewController.m */ = {isa = PBXFileReference; lastKnownFileType = sourcecode.c.objc; path = ProductViewController.m; sourceTree = "<group>"; };
		AC21DF79215C550700CD5DAC /* BranchExtensionRuleListener.h */ = {isa = PBXFileReference; lastKnownFileType = sourcecode.c.h; path = BranchExtensionRuleListener.h; sourceTree = "<group>"; };
		AC21DF7A215C550700CD5DAC /* BranchExtensionRuleListener.m */ = {isa = PBXFileReference; lastKnownFileType = sourcecode.c.objc; path = BranchExtensionRuleListener.m; sourceTree = "<group>"; };
		AC379AE12133956F004E61D1 /* BranchExtensionListener.h */ = {isa = PBXFileReference; lastKnownFileType = sourcecode.c.h; path = BranchExtensionListener.h; sourceTree = "<group>"; };
		AC379AE22133956F004E61D1 /* BranchExtensionListener.m */ = {isa = PBXFileReference; lastKnownFileType = sourcecode.c.objc; path = BranchExtensionListener.m; sourceTree = "<group>"; };
		AC4E0C742123A21E00C51ADD /* BranchExtension.m */ = {isa = PBXFileReference; lastKnownFileType = sourcecode.c.objc; path = BranchExtension.m; sourceTree = "<group>"; };
		AC4E0C762123A22500C51ADD /* BranchExtension.h */ = {isa = PBXFileReference; lastKnownFileType = sourcecode.c.h; path = BranchExtension.h; sourceTree = "<group>"; };
		ACAE8104212263F30049505B /* adobe-branch-example.app */ = {isa = PBXFileReference; explicitFileType = wrapper.application; includeInIndex = 0; path = "adobe-branch-example.app"; sourceTree = BUILT_PRODUCTS_DIR; };
		ACAE8107212263F30049505B /* AppDelegate.h */ = {isa = PBXFileReference; lastKnownFileType = sourcecode.c.h; path = AppDelegate.h; sourceTree = "<group>"; };
		ACAE8108212263F30049505B /* AppDelegate.m */ = {isa = PBXFileReference; lastKnownFileType = sourcecode.c.objc; path = AppDelegate.m; sourceTree = "<group>"; };
		ACAE810A212263F30049505B /* ViewController.h */ = {isa = PBXFileReference; lastKnownFileType = sourcecode.c.h; path = ViewController.h; sourceTree = "<group>"; };
		ACAE810B212263F40049505B /* ViewController.m */ = {isa = PBXFileReference; lastKnownFileType = sourcecode.c.objc; path = ViewController.m; sourceTree = "<group>"; };
		ACAE810E212263F40049505B /* Base */ = {isa = PBXFileReference; lastKnownFileType = file.storyboard; name = Base; path = Base.lproj/Main.storyboard; sourceTree = "<group>"; };
		ACAE8110212263F40049505B /* Assets.xcassets */ = {isa = PBXFileReference; lastKnownFileType = folder.assetcatalog; path = Assets.xcassets; sourceTree = "<group>"; };
		ACAE8115212263F40049505B /* Info.plist */ = {isa = PBXFileReference; lastKnownFileType = text.plist.xml; path = Info.plist; sourceTree = "<group>"; };
		ACAE8116212263F40049505B /* main.m */ = {isa = PBXFileReference; lastKnownFileType = sourcecode.c.objc; path = main.m; sourceTree = "<group>"; };
		ACAE812A2122643A0049505B /* libsqlite3.tbd */ = {isa = PBXFileReference; lastKnownFileType = "sourcecode.text-based-dylib-definition"; name = libsqlite3.tbd; path = usr/lib/libsqlite3.tbd; sourceTree = SDKROOT; };
		ACAE812C212264480049505B /* libstdc++.tbd */ = {isa = PBXFileReference; lastKnownFileType = "sourcecode.text-based-dylib-definition"; name = "libstdc++.tbd"; path = "usr/lib/libstdc++.tbd"; sourceTree = SDKROOT; };
		ACAE812E2122644E0049505B /* libz.tbd */ = {isa = PBXFileReference; lastKnownFileType = "sourcecode.text-based-dylib-definition"; name = libz.tbd; path = usr/lib/libz.tbd; sourceTree = SDKROOT; };
		ACAE8130212264550049505B /* WebKit.framework */ = {isa = PBXFileReference; lastKnownFileType = wrapper.framework; name = WebKit.framework; path = System/Library/Frameworks/WebKit.framework; sourceTree = SDKROOT; };
		ACAE81322122645B0049505B /* UserNotifications.framework */ = {isa = PBXFileReference; lastKnownFileType = wrapper.framework; name = UserNotifications.framework; path = System/Library/Frameworks/UserNotifications.framework; sourceTree = SDKROOT; };
		ACAE8134212264610049505B /* SystemConfiguration.framework */ = {isa = PBXFileReference; lastKnownFileType = wrapper.framework; name = SystemConfiguration.framework; path = System/Library/Frameworks/SystemConfiguration.framework; sourceTree = SDKROOT; };
		ACF671CD2150B42800CDC900 /* adobe-branch-example.entitlements */ = {isa = PBXFileReference; lastKnownFileType = text.plist.entitlements; path = "adobe-branch-example.entitlements"; sourceTree = "<group>"; };
		ACF671CE21530D1A00CDC900 /* BranchConfig.m */ = {isa = PBXFileReference; lastKnownFileType = sourcecode.c.objc; path = BranchConfig.m; sourceTree = "<group>"; };
		ACF671D021530D3A00CDC900 /* BranchConfig.h */ = {isa = PBXFileReference; lastKnownFileType = sourcecode.c.h; path = BranchConfig.h; sourceTree = "<group>"; };
		ACF671D521534E4F00CDC900 /* AdobeMarketingMobileCore.framework */ = {isa = PBXFileReference; lastKnownFileType = wrapper.framework; name = AdobeMarketingMobileCore.framework; path = Pods/ACPCoreBeta/AdobeMarketingMobileCore.framework; sourceTree = "<group>"; };
		ACF671D621534E4F00CDC900 /* ACPIdentity_iOS.framework */ = {isa = PBXFileReference; lastKnownFileType = wrapper.framework; name = ACPIdentity_iOS.framework; path = Pods/ACPCoreBeta/ACPIdentity_iOS.framework; sourceTree = "<group>"; };
		ACF671D721534E4F00CDC900 /* ACPCore_iOS.framework */ = {isa = PBXFileReference; lastKnownFileType = wrapper.framework; name = ACPCore_iOS.framework; path = Pods/ACPCoreBeta/ACPCore_iOS.framework; sourceTree = "<group>"; };
		ACF671D821534E4F00CDC900 /* ACPSignal_iOS.framework */ = {isa = PBXFileReference; lastKnownFileType = wrapper.framework; name = ACPSignal_iOS.framework; path = Pods/ACPCoreBeta/ACPSignal_iOS.framework; sourceTree = "<group>"; };
		ACF671D921534E4F00CDC900 /* ACPLifecycle_iOS.framework */ = {isa = PBXFileReference; lastKnownFileType = wrapper.framework; name = ACPLifecycle_iOS.framework; path = Pods/ACPCoreBeta/ACPLifecycle_iOS.framework; sourceTree = "<group>"; };
		ACF672022153753D00CDC900 /* Branch.framework */ = {isa = PBXFileReference; explicitFileType = wrapper.framework; path = Branch.framework; sourceTree = BUILT_PRODUCTS_DIR; };
		F8688AE753553EE80251EE11 /* Pods-adobe-branch-example.release.xcconfig */ = {isa = PBXFileReference; includeInIndex = 1; lastKnownFileType = text.xcconfig; name = "Pods-adobe-branch-example.release.xcconfig"; path = "Pods/Target Support Files/Pods-adobe-branch-example/Pods-adobe-branch-example.release.xcconfig"; sourceTree = "<group>"; };
		FD81B1B19DDC0E314016948F /* Pods-adobe-branch-example.debug.xcconfig */ = {isa = PBXFileReference; includeInIndex = 1; lastKnownFileType = text.xcconfig; name = "Pods-adobe-branch-example.debug.xcconfig"; path = "Pods/Target Support Files/Pods-adobe-branch-example/Pods-adobe-branch-example.debug.xcconfig"; sourceTree = "<group>"; };
/* End PBXFileReference section */

/* Begin PBXFrameworksBuildPhase section */
		ACAE8101212263F30049505B /* Frameworks */ = {
			isa = PBXFrameworksBuildPhase;
			buildActionMask = 2147483647;
			files = (
				ACF671DA21534E4F00CDC900 /* AdobeMarketingMobileCore.framework in Frameworks */,
				ACF671DB21534E4F00CDC900 /* ACPIdentity_iOS.framework in Frameworks */,
				ACF671DC21534E4F00CDC900 /* ACPCore_iOS.framework in Frameworks */,
				ACF671DD21534E4F00CDC900 /* ACPSignal_iOS.framework in Frameworks */,
				ACF671DE21534E4F00CDC900 /* ACPLifecycle_iOS.framework in Frameworks */,
				ACAE8135212264610049505B /* SystemConfiguration.framework in Frameworks */,
				ACAE81332122645B0049505B /* UserNotifications.framework in Frameworks */,
				ACAE8131212264550049505B /* WebKit.framework in Frameworks */,
				ACAE812F2122644F0049505B /* libz.tbd in Frameworks */,
				ACAE812D212264480049505B /* libstdc++.tbd in Frameworks */,
				ACAE812B2122643A0049505B /* libsqlite3.tbd in Frameworks */,
				BB81FE7B281C59C20FF98625 /* libPods-adobe-branch-example.a in Frameworks */,
			);
			runOnlyForDeploymentPostprocessing = 0;
		};
/* End PBXFrameworksBuildPhase section */

/* Begin PBXGroup section */
		2A2D7CB0FB3B721DEEBEE8E0 /* Pods */ = {
			isa = PBXGroup;
			children = (
				FD81B1B19DDC0E314016948F /* Pods-adobe-branch-example.debug.xcconfig */,
				F8688AE753553EE80251EE11 /* Pods-adobe-branch-example.release.xcconfig */,
			);
			name = Pods;
			sourceTree = "<group>";
		};
		ACAE80FB212263F30049505B = {
			isa = PBXGroup;
			children = (
				ACAE8106212263F30049505B /* adobe-branch-example */,
				ACAE8105212263F30049505B /* Products */,
				ACAE81292122643A0049505B /* Frameworks */,
				2A2D7CB0FB3B721DEEBEE8E0 /* Pods */,
			);
			sourceTree = "<group>";
		};
		ACAE8105212263F30049505B /* Products */ = {
			isa = PBXGroup;
			children = (
				ACAE8104212263F30049505B /* adobe-branch-example.app */,
			);
			name = Products;
			sourceTree = "<group>";
		};
		ACAE8106212263F30049505B /* adobe-branch-example */ = {
			isa = PBXGroup;
			children = (
				ACF671CD2150B42800CDC900 /* adobe-branch-example.entitlements */,
				AC4E0C762123A22500C51ADD /* BranchExtension.h */,
				AC4E0C742123A21E00C51ADD /* BranchExtension.m */,
				AC379AE12133956F004E61D1 /* BranchExtensionListener.h */,
				AC379AE22133956F004E61D1 /* BranchExtensionListener.m */,
				AC21DF79215C550700CD5DAC /* BranchExtensionRuleListener.h */,
				AC21DF7A215C550700CD5DAC /* BranchExtensionRuleListener.m */,
				ACF671D021530D3A00CDC900 /* BranchConfig.h */,
				ACF671CE21530D1A00CDC900 /* BranchConfig.m */,
				ACAE8107212263F30049505B /* AppDelegate.h */,
				ACAE8108212263F30049505B /* AppDelegate.m */,
				ACAE810A212263F30049505B /* ViewController.h */,
				ACAE810B212263F40049505B /* ViewController.m */,
				AC21DF76215AA0EB00CD5DAC /* ProductViewController.h */,
				AC21DF77215AA0EB00CD5DAC /* ProductViewController.m */,
				ACAE810D212263F40049505B /* Main.storyboard */,
				ACAE8110212263F40049505B /* Assets.xcassets */,
				ACAE8115212263F40049505B /* Info.plist */,
				ACAE8116212263F40049505B /* main.m */,
				AC21DF722159FFD900CD5DAC /* Products.plist */,
			);
			path = "adobe-branch-example";
			sourceTree = "<group>";
		};
		ACAE81292122643A0049505B /* Frameworks */ = {
			isa = PBXGroup;
			children = (
				ACF672022153753D00CDC900 /* Branch.framework */,
				ACF671D721534E4F00CDC900 /* ACPCore_iOS.framework */,
				ACF671D621534E4F00CDC900 /* ACPIdentity_iOS.framework */,
				ACF671D921534E4F00CDC900 /* ACPLifecycle_iOS.framework */,
				ACF671D821534E4F00CDC900 /* ACPSignal_iOS.framework */,
				ACF671D521534E4F00CDC900 /* AdobeMarketingMobileCore.framework */,
				ACAE8134212264610049505B /* SystemConfiguration.framework */,
				ACAE81322122645B0049505B /* UserNotifications.framework */,
				ACAE8130212264550049505B /* WebKit.framework */,
				ACAE812E2122644E0049505B /* libz.tbd */,
				ACAE812C212264480049505B /* libstdc++.tbd */,
				ACAE812A2122643A0049505B /* libsqlite3.tbd */,
				2E21CAD8A1C925AAF24986BC /* libPods-adobe-branch-example.a */,
			);
			name = Frameworks;
			sourceTree = "<group>";
		};
/* End PBXGroup section */

/* Begin PBXNativeTarget section */
		ACAE8103212263F30049505B /* adobe-branch-example */ = {
			isa = PBXNativeTarget;
			buildConfigurationList = ACAE811A212263F40049505B /* Build configuration list for PBXNativeTarget "adobe-branch-example" */;
			buildPhases = (
				80D4725CEFFA1CA56A0BB493 /* [CP] Check Pods Manifest.lock */,
				ACAE8100212263F30049505B /* Sources */,
				ACAE8101212263F30049505B /* Frameworks */,
				ACAE8102212263F30049505B /* Resources */,
				19C0BAF5AC695618B03A71BF /* [CP] Embed Pods Frameworks */,
			);
			buildRules = (
			);
			dependencies = (
			);
			name = "adobe-branch-example";
			productName = "adobe-branch-example";
			productReference = ACAE8104212263F30049505B /* adobe-branch-example.app */;
			productType = "com.apple.product-type.application";
		};
/* End PBXNativeTarget section */

/* Begin PBXProject section */
		ACAE80FC212263F30049505B /* Project object */ = {
			isa = PBXProject;
			attributes = {
				LastUpgradeCheck = 0940;
				ORGANIZATIONNAME = "Aaron Lopez";
				TargetAttributes = {
					ACAE8103212263F30049505B = {
						CreatedOnToolsVersion = 9.4;
						SystemCapabilities = {
							com.apple.SafariKeychain = {
								enabled = 1;
							};
						};
					};
				};
			};
			buildConfigurationList = ACAE80FF212263F30049505B /* Build configuration list for PBXProject "adobe-branch-example" */;
			compatibilityVersion = "Xcode 9.3";
			developmentRegion = en;
			hasScannedForEncodings = 0;
			knownRegions = (
				en,
				Base,
			);
			mainGroup = ACAE80FB212263F30049505B;
			productRefGroup = ACAE8105212263F30049505B /* Products */;
			projectDirPath = "";
			projectRoot = "";
			targets = (
				ACAE8103212263F30049505B /* adobe-branch-example */,
			);
		};
/* End PBXProject section */

/* Begin PBXResourcesBuildPhase section */
		ACAE8102212263F30049505B /* Resources */ = {
			isa = PBXResourcesBuildPhase;
			buildActionMask = 2147483647;
			files = (
				ACAE8111212263F40049505B /* Assets.xcassets in Resources */,
				ACAE810F212263F40049505B /* Main.storyboard in Resources */,
				AC21DF732159FFD900CD5DAC /* Products.plist in Resources */,
			);
			runOnlyForDeploymentPostprocessing = 0;
		};
/* End PBXResourcesBuildPhase section */

/* Begin PBXShellScriptBuildPhase section */
		19C0BAF5AC695618B03A71BF /* [CP] Embed Pods Frameworks */ = {
			isa = PBXShellScriptBuildPhase;
			buildActionMask = 2147483647;
			files = (
			);
			inputPaths = (
				"${PODS_ROOT}/Target Support Files/Pods-adobe-branch-example/Pods-adobe-branch-example-frameworks.sh",
				"${PODS_ROOT}/ACPCoreBeta/ACPCore_iOS.framework",
				"${PODS_ROOT}/ACPCoreBeta/AdobeMarketingMobileCore.framework",
				"${PODS_ROOT}/ACPCoreBeta/ACPIdentity_iOS.framework",
				"${PODS_ROOT}/ACPCoreBeta/ACPLifecycle_iOS.framework",
				"${PODS_ROOT}/ACPCoreBeta/ACPSignal_iOS.framework",
			);
			name = "[CP] Embed Pods Frameworks";
			outputPaths = (
				"${TARGET_BUILD_DIR}/${FRAMEWORKS_FOLDER_PATH}/ACPCore_iOS.framework",
				"${TARGET_BUILD_DIR}/${FRAMEWORKS_FOLDER_PATH}/AdobeMarketingMobileCore.framework",
				"${TARGET_BUILD_DIR}/${FRAMEWORKS_FOLDER_PATH}/ACPIdentity_iOS.framework",
				"${TARGET_BUILD_DIR}/${FRAMEWORKS_FOLDER_PATH}/ACPLifecycle_iOS.framework",
				"${TARGET_BUILD_DIR}/${FRAMEWORKS_FOLDER_PATH}/ACPSignal_iOS.framework",
			);
			runOnlyForDeploymentPostprocessing = 0;
			shellPath = /bin/sh;
			shellScript = "\"${PODS_ROOT}/Target Support Files/Pods-adobe-branch-example/Pods-adobe-branch-example-frameworks.sh\"\n";
			showEnvVarsInLog = 0;
		};
		80D4725CEFFA1CA56A0BB493 /* [CP] Check Pods Manifest.lock */ = {
			isa = PBXShellScriptBuildPhase;
			buildActionMask = 2147483647;
			files = (
			);
			inputPaths = (
				"${PODS_PODFILE_DIR_PATH}/Podfile.lock",
				"${PODS_ROOT}/Manifest.lock",
			);
			name = "[CP] Check Pods Manifest.lock";
			outputPaths = (
				"$(DERIVED_FILE_DIR)/Pods-adobe-branch-example-checkManifestLockResult.txt",
			);
			runOnlyForDeploymentPostprocessing = 0;
			shellPath = /bin/sh;
			shellScript = "diff \"${PODS_PODFILE_DIR_PATH}/Podfile.lock\" \"${PODS_ROOT}/Manifest.lock\" > /dev/null\nif [ $? != 0 ] ; then\n    # print error to STDERR\n    echo \"error: The sandbox is not in sync with the Podfile.lock. Run 'pod install' or update your CocoaPods installation.\" >&2\n    exit 1\nfi\n# This output is used by Xcode 'outputs' to avoid re-running this script phase.\necho \"SUCCESS\" > \"${SCRIPT_OUTPUT_FILE_0}\"\n";
			showEnvVarsInLog = 0;
		};
/* End PBXShellScriptBuildPhase section */

/* Begin PBXSourcesBuildPhase section */
		ACAE8100212263F30049505B /* Sources */ = {
			isa = PBXSourcesBuildPhase;
			buildActionMask = 2147483647;
			files = (
				AC379AE32133956F004E61D1 /* BranchExtensionListener.m in Sources */,
				AC21DF7B215C550700CD5DAC /* BranchExtensionRuleListener.m in Sources */,
				ACAE810C212263F40049505B /* ViewController.m in Sources */,
				ACAE8117212263F40049505B /* main.m in Sources */,
				ACF671CF21530D1A00CDC900 /* BranchConfig.m in Sources */,
				ACAE8109212263F30049505B /* AppDelegate.m in Sources */,
				AC4E0C752123A21F00C51ADD /* BranchExtension.m in Sources */,
				AC21DF78215AA0EB00CD5DAC /* ProductViewController.m in Sources */,
			);
			runOnlyForDeploymentPostprocessing = 0;
		};
/* End PBXSourcesBuildPhase section */

/* Begin PBXVariantGroup section */
		ACAE810D212263F40049505B /* Main.storyboard */ = {
			isa = PBXVariantGroup;
			children = (
				ACAE810E212263F40049505B /* Base */,
			);
			name = Main.storyboard;
			sourceTree = "<group>";
		};
/* End PBXVariantGroup section */

/* Begin XCBuildConfiguration section */
		ACAE8118212263F40049505B /* Debug */ = {
			isa = XCBuildConfiguration;
			buildSettings = {
				ALWAYS_SEARCH_USER_PATHS = NO;
				CLANG_ANALYZER_NONNULL = YES;
				CLANG_ANALYZER_NUMBER_OBJECT_CONVERSION = YES_AGGRESSIVE;
				CLANG_CXX_LANGUAGE_STANDARD = "gnu++14";
				CLANG_CXX_LIBRARY = "libc++";
				CLANG_ENABLE_MODULES = YES;
				CLANG_ENABLE_OBJC_ARC = YES;
				CLANG_ENABLE_OBJC_WEAK = YES;
				CLANG_WARN_BLOCK_CAPTURE_AUTORELEASING = YES;
				CLANG_WARN_BOOL_CONVERSION = YES;
				CLANG_WARN_COMMA = YES;
				CLANG_WARN_CONSTANT_CONVERSION = YES;
				CLANG_WARN_DEPRECATED_OBJC_IMPLEMENTATIONS = YES;
				CLANG_WARN_DIRECT_OBJC_ISA_USAGE = YES_ERROR;
				CLANG_WARN_DOCUMENTATION_COMMENTS = YES;
				CLANG_WARN_EMPTY_BODY = YES;
				CLANG_WARN_ENUM_CONVERSION = YES;
				CLANG_WARN_INFINITE_RECURSION = YES;
				CLANG_WARN_INT_CONVERSION = YES;
				CLANG_WARN_NON_LITERAL_NULL_CONVERSION = YES;
				CLANG_WARN_OBJC_IMPLICIT_RETAIN_SELF = YES;
				CLANG_WARN_OBJC_LITERAL_CONVERSION = YES;
				CLANG_WARN_OBJC_ROOT_CLASS = YES_ERROR;
				CLANG_WARN_RANGE_LOOP_ANALYSIS = YES;
				CLANG_WARN_STRICT_PROTOTYPES = YES;
				CLANG_WARN_SUSPICIOUS_MOVE = YES;
				CLANG_WARN_UNGUARDED_AVAILABILITY = YES_AGGRESSIVE;
				CLANG_WARN_UNREACHABLE_CODE = YES;
				CLANG_WARN__DUPLICATE_METHOD_MATCH = YES;
				CODE_SIGN_IDENTITY = "iPhone Developer";
				COPY_PHASE_STRIP = NO;
				DEBUG_INFORMATION_FORMAT = dwarf;
				ENABLE_STRICT_OBJC_MSGSEND = YES;
				ENABLE_TESTABILITY = YES;
				GCC_C_LANGUAGE_STANDARD = gnu11;
				GCC_DYNAMIC_NO_PIC = NO;
				GCC_NO_COMMON_BLOCKS = YES;
				GCC_OPTIMIZATION_LEVEL = 0;
				GCC_PREPROCESSOR_DEFINITIONS = (
					"DEBUG=1",
					"$(inherited)",
				);
				GCC_WARN_64_TO_32_BIT_CONVERSION = YES;
				GCC_WARN_ABOUT_RETURN_TYPE = YES_ERROR;
				GCC_WARN_UNDECLARED_SELECTOR = YES;
				GCC_WARN_UNINITIALIZED_AUTOS = YES_AGGRESSIVE;
				GCC_WARN_UNUSED_FUNCTION = YES;
				GCC_WARN_UNUSED_VARIABLE = YES;
				IPHONEOS_DEPLOYMENT_TARGET = 11.4;
				MTL_ENABLE_DEBUG_INFO = YES;
				ONLY_ACTIVE_ARCH = YES;
				SDKROOT = iphoneos;
			};
			name = Debug;
		};
		ACAE8119212263F40049505B /* Release */ = {
			isa = XCBuildConfiguration;
			buildSettings = {
				ALWAYS_SEARCH_USER_PATHS = NO;
				CLANG_ANALYZER_NONNULL = YES;
				CLANG_ANALYZER_NUMBER_OBJECT_CONVERSION = YES_AGGRESSIVE;
				CLANG_CXX_LANGUAGE_STANDARD = "gnu++14";
				CLANG_CXX_LIBRARY = "libc++";
				CLANG_ENABLE_MODULES = YES;
				CLANG_ENABLE_OBJC_ARC = YES;
				CLANG_ENABLE_OBJC_WEAK = YES;
				CLANG_WARN_BLOCK_CAPTURE_AUTORELEASING = YES;
				CLANG_WARN_BOOL_CONVERSION = YES;
				CLANG_WARN_COMMA = YES;
				CLANG_WARN_CONSTANT_CONVERSION = YES;
				CLANG_WARN_DEPRECATED_OBJC_IMPLEMENTATIONS = YES;
				CLANG_WARN_DIRECT_OBJC_ISA_USAGE = YES_ERROR;
				CLANG_WARN_DOCUMENTATION_COMMENTS = YES;
				CLANG_WARN_EMPTY_BODY = YES;
				CLANG_WARN_ENUM_CONVERSION = YES;
				CLANG_WARN_INFINITE_RECURSION = YES;
				CLANG_WARN_INT_CONVERSION = YES;
				CLANG_WARN_NON_LITERAL_NULL_CONVERSION = YES;
				CLANG_WARN_OBJC_IMPLICIT_RETAIN_SELF = YES;
				CLANG_WARN_OBJC_LITERAL_CONVERSION = YES;
				CLANG_WARN_OBJC_ROOT_CLASS = YES_ERROR;
				CLANG_WARN_RANGE_LOOP_ANALYSIS = YES;
				CLANG_WARN_STRICT_PROTOTYPES = YES;
				CLANG_WARN_SUSPICIOUS_MOVE = YES;
				CLANG_WARN_UNGUARDED_AVAILABILITY = YES_AGGRESSIVE;
				CLANG_WARN_UNREACHABLE_CODE = YES;
				CLANG_WARN__DUPLICATE_METHOD_MATCH = YES;
				CODE_SIGN_IDENTITY = "iPhone Developer";
				COPY_PHASE_STRIP = NO;
				DEBUG_INFORMATION_FORMAT = "dwarf-with-dsym";
				ENABLE_NS_ASSERTIONS = NO;
				ENABLE_STRICT_OBJC_MSGSEND = YES;
				GCC_C_LANGUAGE_STANDARD = gnu11;
				GCC_NO_COMMON_BLOCKS = YES;
				GCC_WARN_64_TO_32_BIT_CONVERSION = YES;
				GCC_WARN_ABOUT_RETURN_TYPE = YES_ERROR;
				GCC_WARN_UNDECLARED_SELECTOR = YES;
				GCC_WARN_UNINITIALIZED_AUTOS = YES_AGGRESSIVE;
				GCC_WARN_UNUSED_FUNCTION = YES;
				GCC_WARN_UNUSED_VARIABLE = YES;
				IPHONEOS_DEPLOYMENT_TARGET = 11.4;
				MTL_ENABLE_DEBUG_INFO = NO;
				SDKROOT = iphoneos;
				VALIDATE_PRODUCT = YES;
			};
			name = Release;
		};
		ACAE811B212263F40049505B /* Debug */ = {
			isa = XCBuildConfiguration;
			baseConfigurationReference = FD81B1B19DDC0E314016948F /* Pods-adobe-branch-example.debug.xcconfig */;
			buildSettings = {
				ASSETCATALOG_COMPILER_APPICON_NAME = AppIcon;
				CODE_SIGN_ENTITLEMENTS = "adobe-branch-example/adobe-branch-example.entitlements";
				CODE_SIGN_STYLE = Automatic;
				DEVELOPMENT_TEAM = R63EM248DP;
				FRAMEWORK_SEARCH_PATHS = (
					"$(inherited)",
					"$(PROJECT_DIR)/Pods/ACPCoreBeta",
				);
				INFOPLIST_FILE = "adobe-branch-example/Info.plist";
				IPHONEOS_DEPLOYMENT_TARGET = 10.3;
				LD_RUNPATH_SEARCH_PATHS = (
					"$(inherited)",
					"@executable_path/Frameworks",
				);
				PRODUCT_BUNDLE_IDENTIFIER = "io.branch.adobe-branch-example";
				PRODUCT_NAME = "$(TARGET_NAME)";
				TARGETED_DEVICE_FAMILY = "1,2";
			};
			name = Debug;
		};
		ACAE811C212263F40049505B /* Release */ = {
			isa = XCBuildConfiguration;
			baseConfigurationReference = F8688AE753553EE80251EE11 /* Pods-adobe-branch-example.release.xcconfig */;
			buildSettings = {
				ASSETCATALOG_COMPILER_APPICON_NAME = AppIcon;
				CODE_SIGN_ENTITLEMENTS = "adobe-branch-example/adobe-branch-example.entitlements";
				CODE_SIGN_STYLE = Automatic;
				DEVELOPMENT_TEAM = R63EM248DP;
				FRAMEWORK_SEARCH_PATHS = (
					"$(inherited)",
					"$(PROJECT_DIR)/Pods/ACPCoreBeta",
				);
				INFOPLIST_FILE = "adobe-branch-example/Info.plist";
				IPHONEOS_DEPLOYMENT_TARGET = 10.3;
				LD_RUNPATH_SEARCH_PATHS = (
					"$(inherited)",
					"@executable_path/Frameworks",
				);
				PRODUCT_BUNDLE_IDENTIFIER = "io.branch.adobe-branch-example";
				PRODUCT_NAME = "$(TARGET_NAME)";
				TARGETED_DEVICE_FAMILY = "1,2";
			};
			name = Release;
		};
/* End XCBuildConfiguration section */

/* Begin XCConfigurationList section */
		ACAE80FF212263F30049505B /* Build configuration list for PBXProject "adobe-branch-example" */ = {
			isa = XCConfigurationList;
			buildConfigurations = (
				ACAE8118212263F40049505B /* Debug */,
				ACAE8119212263F40049505B /* Release */,
			);
			defaultConfigurationIsVisible = 0;
			defaultConfigurationName = Release;
		};
		ACAE811A212263F40049505B /* Build configuration list for PBXNativeTarget "adobe-branch-example" */ = {
			isa = XCConfigurationList;
			buildConfigurations = (
				ACAE811B212263F40049505B /* Debug */,
				ACAE811C212263F40049505B /* Release */,
			);
			defaultConfigurationIsVisible = 0;
			defaultConfigurationName = Release;
		};
/* End XCConfigurationList section */
	};
	rootObject = ACAE80FC212263F30049505B /* Project object */;
}
